<?xml version="1.0" encoding="utf-8"?>
<Project ToolsVersion="4.0" xmlns="http://schemas.microsoft.com/developer/msbuild/2003">
  <ItemGroup>
    <ClCompile Include="animation.cpp" />
    <ClCompile Include="animation_action.cpp" />
    <ClCompile Include="animation_cycle.cpp" />
    <ClCompile Include="bone.cpp" />
    <ClCompile Include="buffersource.cpp" />
    <ClCompile Include="coreanimation.cpp" />
    <ClCompile Include="corebone.cpp" />
    <ClCompile Include="corekeyframe.cpp" />
    <ClCompile Include="corematerial.cpp" />
    <ClCompile Include="coremesh.cpp" />
    <ClCompile Include="coremodel.cpp" />
    <ClCompile Include="coremorphanimation.cpp" />
    <ClCompile Include="coreskeleton.cpp" />
    <ClCompile Include="coresubmesh.cpp" />
    <ClCompile Include="coresubmorphtarget.cpp" />
    <ClCompile Include="coretrack.cpp" />
    <ClCompile Include="error.cpp" />
    <ClCompile Include="global.cpp" />
    <ClCompile Include="hardwaremodel.cpp" />
    <ClCompile Include="loader.cpp" />
    <ClCompile Include="matrix.cpp" />
    <ClCompile Include="mesh.cpp" />
    <ClCompile Include="mixer.cpp" />
    <ClCompile Include="model.cpp" />
    <ClCompile Include="morphtargetmixer.cpp" />
    <ClCompile Include="physique.cpp" />
    <ClCompile Include="platform.cpp" />
    <ClCompile Include="quaternion.cpp" />
    <ClCompile Include="renderer.cpp" />
    <ClCompile Include="skeleton.cpp" />
    <ClCompile Include="springsystem.cpp" />
    <ClCompile Include="streamsource.cpp" />
    <ClCompile Include="submesh.cpp" />
    <ClCompile Include="vector.cpp" />
  </ItemGroup>
  <ItemGroup>
    <ClInclude Include="animation.h" />
    <ClInclude Include="animation_action.h" />
    <ClInclude Include="animation_cycle.h" />
    <ClInclude Include="animcallback.h" />
    <ClInclude Include="bone.h" />
    <ClInclude Include="buffersource.h" />
    <ClInclude Include="cal3d.h" />
    <ClInclude Include="coreanimation.h" />
    <ClInclude Include="corebone.h" />
    <ClInclude Include="corekeyframe.h" />
    <ClInclude Include="corematerial.h" />
    <ClInclude Include="coremesh.h" />
    <ClInclude Include="coremodel.h" />
    <ClInclude Include="coremorphanimation.h" />
    <ClInclude Include="coreskeleton.h" />
    <ClInclude Include="coresubmesh.h" />
    <ClInclude Include="coresubmorphtarget.h" />
    <ClInclude Include="coretrack.h" />
    <ClInclude Include="datasource.h" />
    <ClInclude Include="error.h" />
    <ClInclude Include="global.h" />
    <ClInclude Include="hardwaremodel.h" />
    <ClInclude Include="loader.h" />
    <ClInclude Include="matrix.h" />
    <ClInclude Include="mesh.h" />
    <ClInclude Include="mixer.h" />
    <ClInclude Include="model.h" />
    <ClInclude Include="morphtargetmixer.h" />
    <ClInclude Include="physique.h" />
    <ClInclude Include="platform.h" />
    <ClInclude Include="quaternion.h" />
    <ClInclude Include="refcounted.h" />
    <ClInclude Include="refptr.h" />
    <ClInclude Include="renderer.h" />
    <ClInclude Include="resource.h" />
    <ClInclude Include="skeleton.h" />
    <ClInclude Include="springsystem.h" />
    <ClInclude Include="streamsource.h" />
    <ClInclude Include="submesh.h" />
    <ClInclude Include="transform.h" />
    <ClInclude Include="vector.h" />
  </ItemGroup>
</Project>