
Microsoft Visual Studio Solution File, Format Version 12.00
# Visual Studio 15
VisualStudioVersion = 15.0.27130.2036
MinimumVisualStudioVersion = 10.0.40219.1
Project("{8BC9CEB8-8B4A-11D0-8D11-00A0C91BC942}") = "Game", "Game.vcxproj", "{BC06472A-AE43-4007-AE25-59879F8D23F2}"
EndProject
Project("{8BC9CEB8-8B4A-11D0-8D11-00A0C91BC942}") = "Cal3D", "Cal3D\Cal3D.vcxproj", "{F13518A5-98D4-48A8-98ED-81B5E9D70BCE}"
EndProject
Global
	GlobalSection(SolutionConfigurationPlatforms) = preSolution
		Debug|x64 = Debug|x64
		Debug|x86 = Debug|x86
		Release|x64 = Release|x64
		Release|x86 = Release|x86
	EndGlobalSection
	GlobalSection(ProjectConfigurationPlatforms) = postSolution
		{BC06472A-AE43-4007-AE25-59879F8D23F2}.Debug|x64.ActiveCfg = Debug|x64
		{BC06472A-AE43-4007-AE25-59879F8D23F2}.Debug|x64.Build.0 = Debug|x64
		{BC06472A-AE43-4007-AE25-59879F8D23F2}.Debug|x86.ActiveCfg = Debug|x64
		{BC06472A-AE43-4007-AE25-59879F8D23F2}.Release|x64.ActiveCfg = Release|x64
		{BC06472A-AE43-4007-AE25-59879F8D23F2}.Release|x64.Build.0 = Release|x64
		{BC06472A-AE43-4007-AE25-59879F8D23F2}.Release|x86.ActiveCfg = Release|x64
		{F13518A5-98D4-48A8-98ED-81B5E9D70BCE}.Debug|x64.ActiveCfg = Debug|x64
		{F13518A5-98D4-48A8-98ED-81B5E9D70BCE}.Debug|x64.Build.0 = Debug|x64
		{F13518A5-98D4-48A8-98ED-81B5E9D70BCE}.Debug|x86.ActiveCfg = Debug|Win32
		{F13518A5-98D4-48A8-98ED-81B5E9D70BCE}.Debug|x86.Build.0 = Debug|Win32
		{F13518A5-98D4-48A8-98ED-81B5E9D70BCE}.Release|x64.ActiveCfg = Release|x64
		{F13518A5-98D4-48A8-98ED-81B5E9D70BCE}.Release|x64.Build.0 = Release|x64
		{F13518A5-98D4-48A8-98ED-81B5E9D70BCE}.Release|x86.ActiveCfg = Release|Win32
		{F13518A5-98D4-48A8-98ED-81B5E9D70BCE}.Release|x86.Build.0 = Release|Win32
	EndGlobalSection
	GlobalSection(SolutionProperties) = preSolution
		HideSolutionNode = FALSE
	EndGlobalSection
	GlobalSection(ExtensibilityGlobals) = postSolution
		SolutionGuid = {04A22D34-38D3-409E-91BC-6FD81D969DA3}
	EndGlobalSection
EndGlobal
